{
  "nodes": {
    "mc-server-init": {
      "inputs": {
        "nixpkgs": [
          "nixpkgs"
        ]
      },
      "locked": {
        "lastModified": 1782216657,
        "narHash": "sha256-jj5HYANC/aPbcgyrKXFhxJM1bTrOIPwWTBWiBSjBlqw=",
        "owner": "Team-MaRo",
        "repo": "mc-server-init",
        "rev": "82cca1a08da989150f0ba2e7935672736c1c652e",
        "type": "github"
      },
      "original": {
        "owner": "Team-MaRo",
        "repo": "mc-server-init",
        "type": "github"
      }
    },
    "nix-utils": {
      "inputs": {
        "nixpkgs": [
          "nixpkgs"
        ]
      },
      "locked": {
        "lastModified": 1785933711,
        "narHash": "sha256-93iPtgTtOQI5V70O9U0C2XiNqvhCNttRHnhUqfLxKMQ=",
        "owner": "Team-MaRo",
        "repo": "nix-utils",
        "rev": "93097b0cb2f1963420df3c57acc793213744fdd2",
        "type": "github"
      },
      "original": {
        "owner": "Team-MaRo",
        "repo": "nix-utils",
        "type": "github"
      }
    },
    "nixpkgs": {
      "locked": {
        "lastModified": 1787414105,
        "narHash": "sha256-WncT27+3BOkgTaJZLnCsf3LcYf9RXMuR9ONSN4rzQ7s=",
        "owner": "NixOS",
        "repo": "nixpkgs",
        "rev": "a9e6d84f9c2f9012f5fe7d964a7851352300e61a",
        "type": "github"
      },
      "original": {
        "owner": "NixOS",
        "ref": "nixos-26.05",
        "repo": "nixpkgs",
        "type": "github"
      }
    },
    "root": {
      "inputs": {
        "mc-server-init": "mc-server-init",
        "nix-utils": "nix-utils",
        "nixpkgs": "nixpkgs",
        "spigot-build": "spigot-build"
      }
    },
    "spigot-build": {
      "inputs": {
        "nixpkgs": [
          "nixpkgs"
        ]
      },
      "locked": {
        "lastModified": 1786961653,
        "narHash": "sha256-Y0AfQAM6ah8NeBgX8rzVet4SbUxPe8tma9/1s/HrfDY=",
        "owner": "Team-MaRo",
        "repo": "spigot-build",
        "rev": "6262fc2e57b63c4bacdcdab15a0172aa0ba1c8f4",
        "type": "github"
      },
      "original": {
        "owner": "Team-MaRo",
        "repo": "spigot-build",
        "type": "github"
      }
    }
  },
  "root": "root",
  "version": 7
}
