{
  "nodes": {
    "mc-server-init": {
      "inputs": {
        "nixpkgs": [
          "nixpkgs"
        ]
      },
      "locked": {
        "lastModified": 1782216657,
        "narHash": "sha256-jj5HYANC/aPbcgyrKXFhxJM1bTrOIPwWTBWiBSjBlqw=",
        "owner": "Team-MaRo",
        "repo": "mc-server-init",
        "rev": "82cca1a08da989150f0ba2e7935672736c1c652e",
        "type": "github"
      },
      "original": {
        "owner": "Team-MaRo",
        "repo": "mc-server-init",
        "type": "github"
      }
    },
    "nix-utils": {
      "inputs": {
        "nixpkgs": [
          "nixpkgs"
        ]
      },
      "locked": {
        "lastModified": 1782221108,
        "narHash": "sha256-xD3bRbIbLKg2qf7JbVwVpy6s0y8oBNlCBivsbjfui6Q=",
        "owner": "Team-MaRo",
        "repo": "nix-utils",
        "rev": "1a2344bb602513a9b76833006aae3ee2733fa414",
        "type": "github"
      },
      "original": {
        "owner": "Team-MaRo",
        "repo": "nix-utils",
        "type": "github"
      }
    },
    "nixpkgs": {
      "locked": {
        "lastModified": 1782535326,
        "narHash": "sha256-ZeRxu4yn6shd3SNF5ZUQb4r7BaVo1zBKMjRhfoNSBmw=",
        "owner": "NixOS",
        "repo": "nixpkgs",
        "rev": "714a5f8c4ead6b31148d829288440ed033ccc041",
        "type": "github"
      },
      "original": {
        "owner": "NixOS",
        "ref": "nixos-26.05",
        "repo": "nixpkgs",
        "type": "github"
      }
    },
    "root": {
      "inputs": {
        "mc-server-init": "mc-server-init",
        "nix-utils": "nix-utils",
        "nixpkgs": "nixpkgs",
        "spigot-build": "spigot-build"
      }
    },
    "spigot-build": {
      "inputs": {
        "nixpkgs": [
          "nixpkgs"
        ]
      },
      "locked": {
        "lastModified": 1782200618,
        "narHash": "sha256-k44PS4HOFti/ONidveVjMfkSVO3eSDSuqSzUlcRoofE=",
        "owner": "Team-MaRo",
        "repo": "spigot-build",
        "rev": "127d50215ac7e7f107b360093a5fd7f9a6e8e122",
        "type": "github"
      },
      "original": {
        "owner": "Team-MaRo",
        "repo": "spigot-build",
        "type": "github"
      }
    }
  },
  "root": "root",
  "version": 7
}
