{
  "nodes": {
    "mc-server-init": {
      "inputs": {
        "nixpkgs": [
          "nixpkgs"
        ]
      },
      "locked": {
        "lastModified": 1781942658,
        "narHash": "sha256-vUokrmfsy3VMKM7tzaUusAnE3a38xvJFgJGi0FAGBnk=",
        "owner": "Team-MaRo",
        "repo": "mc-server-init",
        "rev": "a22607101ee14bbfda1fe66d60e0c179fb95e4e3",
        "type": "github"
      },
      "original": {
        "owner": "Team-MaRo",
        "repo": "mc-server-init",
        "type": "github"
      }
    },
    "nix-utils": {
      "inputs": {
        "nixpkgs": [
          "nixpkgs"
        ]
      },
      "locked": {
        "lastModified": 1780579946,
        "narHash": "sha256-fq56+am2ZFYCcxwgoxLPV0orkiQEx+W7RsITuc9hnjA=",
        "owner": "Team-MaRo",
        "repo": "nix-utils",
        "rev": "ab61a317a503b91ac34e5216654bc9fb33e3f400",
        "type": "github"
      },
      "original": {
        "owner": "Team-MaRo",
        "repo": "nix-utils",
        "type": "github"
      }
    },
    "nixpkgs": {
      "locked": {
        "lastModified": 1782116945,
        "narHash": "sha256-G3tw/IXmaH6IQ2upZvhuN9sG8CkuX+BLuJDpE8hz0Ds=",
        "owner": "NixOS",
        "repo": "nixpkgs",
        "rev": "34268251cf5547d39063f2c5ea9a196246f7f3a6",
        "type": "github"
      },
      "original": {
        "owner": "NixOS",
        "ref": "nixos-26.05",
        "repo": "nixpkgs",
        "type": "github"
      }
    },
    "root": {
      "inputs": {
        "mc-server-init": "mc-server-init",
        "nix-utils": "nix-utils",
        "nixpkgs": "nixpkgs",
        "spigot-build": "spigot-build"
      }
    },
    "spigot-build": {
      "inputs": {
        "nixpkgs": [
          "nixpkgs"
        ]
      },
      "locked": {
        "lastModified": 1782164420,
        "narHash": "sha256-T9M4Q8hg+i+3wXq+tUxcc65ufHe6z5QwOid+1sjwhmo=",
        "owner": "Team-MaRo",
        "repo": "spigot-build",
        "rev": "5eeafd1aab4439b7e8b1db5b57046340397723bb",
        "type": "github"
      },
      "original": {
        "owner": "Team-MaRo",
        "repo": "spigot-build",
        "type": "github"
      }
    }
  },
  "root": "root",
  "version": 7
}
